
Microsoft Visual Studio Solution File, Format Version 12.00
# Visual Studio Version 17
VisualStudioVersion = 17.5.33627.172
MinimumVisualStudioVersion = 10.0.40219.1
Project("{2150E333-8FDC-42A3-9474-1A3956D46DE8}") = "src", "src", "{D8A5DDF3-B96F-4CED-AD4F-89D37225B95A}"
EndProject
Project("{2150E333-8FDC-42A3-9474-1A3956D46DE8}") = "Core", "Core", "{EFA8A0A4-18C3-40A5-B0D6-AB5AC31110FF}"
EndProject
Project("{2150E333-8FDC-42A3-9474-1A3956D46DE8}") = "Infrastructure", "Infrastructure", "{A5D706EE-6229-4BD6-8105-1A4FCB8AD17A}"
EndProject
Project("{9A19103F-16F7-4668-BE54-9A1E7A4F7556}") = "Das.Application", "src\Core\Das.Application\Das.Application.csproj", "{5C5AA936-FE9A-403A-A461-FE862F9D67FA}"
EndProject
Project("{9A19103F-16F7-4668-BE54-9A1E7A4F7556}") = "Das.Domain", "src\Core\Das.Domain\Das.Domain.csproj", "{4070BA1F-7B32-48F1-9B68-DA5BFFC1F463}"
EndProject
Project("{9A19103F-16F7-4668-BE54-9A1E7A4F7556}") = "Das.Data", "src\Infrastructure\Das.Data\Das.Data.csproj", "{8B1ADEC0-B582-42F8-8761-2FEA10C0E196}"
EndProject
Project("{9A19103F-16F7-4668-BE54-9A1E7A4F7556}") = "Das.Shared", "src\Infrastructure\Das.Shared\Das.Shared.csproj", "{20E79DDE-5806-49C4-A53C-A85F645C4C32}"
EndProject
Project("{2150E333-8FDC-42A3-9474-1A3956D46DE8}") = "Presentation", "Presentation", "{A9E8BCCF-4783-4507-807D-32618AA48C6B}"
EndProject
Project("{9A19103F-16F7-4668-BE54-9A1E7A4F7556}") = "Das.WebApi", "src\Presentation\Das.WebApi\Das.WebApi.csproj", "{16B1F797-8ECC-4C58-8FA1-45F4215E4907}"
EndProject
Global
	GlobalSection(SolutionConfigurationPlatforms) = preSolution
		Debug|Any CPU = Debug|Any CPU
		Release|Any CPU = Release|Any CPU
	EndGlobalSection
	GlobalSection(ProjectConfigurationPlatforms) = postSolution
		{5C5AA936-FE9A-403A-A461-FE862F9D67FA}.Debug|Any CPU.ActiveCfg = Debug|Any CPU
		{5C5AA936-FE9A-403A-A461-FE862F9D67FA}.Debug|Any CPU.Build.0 = Debug|Any CPU
		{5C5AA936-FE9A-403A-A461-FE862F9D67FA}.Release|Any CPU.ActiveCfg = Release|Any CPU
		{5C5AA936-FE9A-403A-A461-FE862F9D67FA}.Release|Any CPU.Build.0 = Release|Any CPU
		{4070BA1F-7B32-48F1-9B68-DA5BFFC1F463}.Debug|Any CPU.ActiveCfg = Debug|Any CPU
		{4070BA1F-7B32-48F1-9B68-DA5BFFC1F463}.Debug|Any CPU.Build.0 = Debug|Any CPU
		{4070BA1F-7B32-48F1-9B68-DA5BFFC1F463}.Release|Any CPU.ActiveCfg = Release|Any CPU
		{4070BA1F-7B32-48F1-9B68-DA5BFFC1F463}.Release|Any CPU.Build.0 = Release|Any CPU
		{8B1ADEC0-B582-42F8-8761-2FEA10C0E196}.Debug|Any CPU.ActiveCfg = Debug|Any CPU
		{8B1ADEC0-B582-42F8-8761-2FEA10C0E196}.Debug|Any CPU.Build.0 = Debug|Any CPU
		{8B1ADEC0-B582-42F8-8761-2FEA10C0E196}.Release|Any CPU.ActiveCfg = Release|Any CPU
		{8B1ADEC0-B582-42F8-8761-2FEA10C0E196}.Release|Any CPU.Build.0 = Release|Any CPU
		{20E79DDE-5806-49C4-A53C-A85F645C4C32}.Debug|Any CPU.ActiveCfg = Debug|Any CPU
		{20E79DDE-5806-49C4-A53C-A85F645C4C32}.Debug|Any CPU.Build.0 = Debug|Any CPU
		{20E79DDE-5806-49C4-A53C-A85F645C4C32}.Release|Any CPU.ActiveCfg = Release|Any CPU
		{20E79DDE-5806-49C4-A53C-A85F645C4C32}.Release|Any CPU.Build.0 = Release|Any CPU
		{16B1F797-8ECC-4C58-8FA1-45F4215E4907}.Debug|Any CPU.ActiveCfg = Debug|Any CPU
		{16B1F797-8ECC-4C58-8FA1-45F4215E4907}.Debug|Any CPU.Build.0 = Debug|Any CPU
		{16B1F797-8ECC-4C58-8FA1-45F4215E4907}.Release|Any CPU.ActiveCfg = Release|Any CPU
		{16B1F797-8ECC-4C58-8FA1-45F4215E4907}.Release|Any CPU.Build.0 = Release|Any CPU
	EndGlobalSection
	GlobalSection(SolutionProperties) = preSolution
		HideSolutionNode = FALSE
	EndGlobalSection
	GlobalSection(NestedProjects) = preSolution
		{EFA8A0A4-18C3-40A5-B0D6-AB5AC31110FF} = {D8A5DDF3-B96F-4CED-AD4F-89D37225B95A}
		{A5D706EE-6229-4BD6-8105-1A4FCB8AD17A} = {D8A5DDF3-B96F-4CED-AD4F-89D37225B95A}
		{5C5AA936-FE9A-403A-A461-FE862F9D67FA} = {EFA8A0A4-18C3-40A5-B0D6-AB5AC31110FF}
		{4070BA1F-7B32-48F1-9B68-DA5BFFC1F463} = {EFA8A0A4-18C3-40A5-B0D6-AB5AC31110FF}
		{8B1ADEC0-B582-42F8-8761-2FEA10C0E196} = {A5D706EE-6229-4BD6-8105-1A4FCB8AD17A}
		{20E79DDE-5806-49C4-A53C-A85F645C4C32} = {A5D706EE-6229-4BD6-8105-1A4FCB8AD17A}
		{A9E8BCCF-4783-4507-807D-32618AA48C6B} = {D8A5DDF3-B96F-4CED-AD4F-89D37225B95A}
		{16B1F797-8ECC-4C58-8FA1-45F4215E4907} = {A9E8BCCF-4783-4507-807D-32618AA48C6B}
	EndGlobalSection
	GlobalSection(ExtensibilityGlobals) = postSolution
		SolutionGuid = {F759B143-A9D7-43E5-A336-8017F76EE9E5}
	EndGlobalSection
EndGlobal
